
Microsoft Visual Studio Solution File, Format Version 12.00
# Visual Studio Version 17
Project("{2150E333-8FDC-42A3-9474-1A3956D46DE8}") = "CMakePredefinedTargets", "CMakePredefinedTargets", "{913705C6-5A15-37AF-BA31-5BC2324F89D0}"
EndProject
Project("{2150E333-8FDC-42A3-9474-1A3956D46DE8}") = "GLFW3", "GLFW3", "{DB082764-7BFE-3EB9-A494-413CCA141E8D}"
EndProject
Project("{8BC9CEB8-8B4A-11D0-8D11-00A0C91BC942}") = "ALL_BUILD", "ALL_BUILD.vcxproj", "{F6D2F6FE-7876-3A71-8B2F-E52060BA8BF6}"
	ProjectSection(ProjectDependencies) = postProject
		{666C67A8-5B38-33EB-9448-D04C2430B247} = {666C67A8-5B38-33EB-9448-D04C2430B247}
		{17A21A84-4D37-3973-B035-16E42916A878} = {17A21A84-4D37-3973-B035-16E42916A878}
		{B58AE8E2-38C3-3759-ACBC-F29E6E85835A} = {B58AE8E2-38C3-3759-ACBC-F29E6E85835A}
		{CEB51048-52BA-3540-9D5A-3D82C1A0291E} = {CEB51048-52BA-3540-9D5A-3D82C1A0291E}
	EndProjectSection
EndProject
Project("{8BC9CEB8-8B4A-11D0-8D11-00A0C91BC942}") = "INSTALL", "INSTALL.vcxproj", "{A618A6B2-2525-3E1C-9B1E-F1167F06148A}"
	ProjectSection(ProjectDependencies) = postProject
		{F6D2F6FE-7876-3A71-8B2F-E52060BA8BF6} = {F6D2F6FE-7876-3A71-8B2F-E52060BA8BF6}
		{666C67A8-5B38-33EB-9448-D04C2430B247} = {666C67A8-5B38-33EB-9448-D04C2430B247}
	EndProjectSection
EndProject
Project("{8BC9CEB8-8B4A-11D0-8D11-00A0C91BC942}") = "PACKAGE", "PACKAGE.vcxproj", "{8914995E-B1F1-3D49-9162-36511B1F544D}"
	ProjectSection(ProjectDependencies) = postProject
		{F6D2F6FE-7876-3A71-8B2F-E52060BA8BF6} = {F6D2F6FE-7876-3A71-8B2F-E52060BA8BF6}
		{666C67A8-5B38-33EB-9448-D04C2430B247} = {666C67A8-5B38-33EB-9448-D04C2430B247}
	EndProjectSection
EndProject
Project("{8BC9CEB8-8B4A-11D0-8D11-00A0C91BC942}") = "ZERO_CHECK", "ZERO_CHECK.vcxproj", "{666C67A8-5B38-33EB-9448-D04C2430B247}"
	ProjectSection(ProjectDependencies) = postProject
	EndProjectSection
EndProject
Project("{8BC9CEB8-8B4A-11D0-8D11-00A0C91BC942}") = "glfw", "raylib\raylib\external\glfw\src\glfw.vcxproj", "{17A21A84-4D37-3973-B035-16E42916A878}"
	ProjectSection(ProjectDependencies) = postProject
		{666C67A8-5B38-33EB-9448-D04C2430B247} = {666C67A8-5B38-33EB-9448-D04C2430B247}
	EndProjectSection
EndProject
Project("{8BC9CEB8-8B4A-11D0-8D11-00A0C91BC942}") = "raylib", "raylib\raylib\raylib.vcxproj", "{B58AE8E2-38C3-3759-ACBC-F29E6E85835A}"
	ProjectSection(ProjectDependencies) = postProject
		{666C67A8-5B38-33EB-9448-D04C2430B247} = {666C67A8-5B38-33EB-9448-D04C2430B247}
		{17A21A84-4D37-3973-B035-16E42916A878} = {17A21A84-4D37-3973-B035-16E42916A878}
	EndProjectSection
EndProject
Project("{8BC9CEB8-8B4A-11D0-8D11-00A0C91BC942}") = "sprite_paint", "sprite_paint.vcxproj", "{CEB51048-52BA-3540-9D5A-3D82C1A0291E}"
	ProjectSection(ProjectDependencies) = postProject
		{666C67A8-5B38-33EB-9448-D04C2430B247} = {666C67A8-5B38-33EB-9448-D04C2430B247}
		{17A21A84-4D37-3973-B035-16E42916A878} = {17A21A84-4D37-3973-B035-16E42916A878}
		{B58AE8E2-38C3-3759-ACBC-F29E6E85835A} = {B58AE8E2-38C3-3759-ACBC-F29E6E85835A}
	EndProjectSection
EndProject
Project("{8BC9CEB8-8B4A-11D0-8D11-00A0C91BC942}") = "uninstall", "raylib\uninstall.vcxproj", "{35C96AAA-ABA8-3CCE-9AC3-4409A226F1C8}"
	ProjectSection(ProjectDependencies) = postProject
		{666C67A8-5B38-33EB-9448-D04C2430B247} = {666C67A8-5B38-33EB-9448-D04C2430B247}
	EndProjectSection
EndProject
Project("{8BC9CEB8-8B4A-11D0-8D11-00A0C91BC942}") = "update_mappings", "raylib\raylib\external\glfw\src\update_mappings.vcxproj", "{22463EA8-BFC9-3753-8CFF-7697D1C82759}"
	ProjectSection(ProjectDependencies) = postProject
		{666C67A8-5B38-33EB-9448-D04C2430B247} = {666C67A8-5B38-33EB-9448-D04C2430B247}
	EndProjectSection
EndProject
Global
	GlobalSection(SolutionConfigurationPlatforms) = preSolution
		Debug|x64 = Debug|x64
		Release|x64 = Release|x64
		MinSizeRel|x64 = MinSizeRel|x64
		RelWithDebInfo|x64 = RelWithDebInfo|x64
	EndGlobalSection
	GlobalSection(ProjectConfigurationPlatforms) = postSolution
		{F6D2F6FE-7876-3A71-8B2F-E52060BA8BF6}.Debug|x64.ActiveCfg = Debug|x64
		{F6D2F6FE-7876-3A71-8B2F-E52060BA8BF6}.Debug|x64.Build.0 = Debug|x64
		{F6D2F6FE-7876-3A71-8B2F-E52060BA8BF6}.Release|x64.ActiveCfg = Release|x64
		{F6D2F6FE-7876-3A71-8B2F-E52060BA8BF6}.Release|x64.Build.0 = Release|x64
		{F6D2F6FE-7876-3A71-8B2F-E52060BA8BF6}.MinSizeRel|x64.ActiveCfg = MinSizeRel|x64
		{F6D2F6FE-7876-3A71-8B2F-E52060BA8BF6}.MinSizeRel|x64.Build.0 = MinSizeRel|x64
		{F6D2F6FE-7876-3A71-8B2F-E52060BA8BF6}.RelWithDebInfo|x64.ActiveCfg = RelWithDebInfo|x64
		{F6D2F6FE-7876-3A71-8B2F-E52060BA8BF6}.RelWithDebInfo|x64.Build.0 = RelWithDebInfo|x64
		{A618A6B2-2525-3E1C-9B1E-F1167F06148A}.Debug|x64.ActiveCfg = Debug|x64
		{A618A6B2-2525-3E1C-9B1E-F1167F06148A}.Release|x64.ActiveCfg = Release|x64
		{A618A6B2-2525-3E1C-9B1E-F1167F06148A}.MinSizeRel|x64.ActiveCfg = MinSizeRel|x64
		{A618A6B2-2525-3E1C-9B1E-F1167F06148A}.RelWithDebInfo|x64.ActiveCfg = RelWithDebInfo|x64
		{8914995E-B1F1-3D49-9162-36511B1F544D}.Debug|x64.ActiveCfg = Debug|x64
		{8914995E-B1F1-3D49-9162-36511B1F544D}.Release|x64.ActiveCfg = Release|x64
		{8914995E-B1F1-3D49-9162-36511B1F544D}.MinSizeRel|x64.ActiveCfg = MinSizeRel|x64
		{8914995E-B1F1-3D49-9162-36511B1F544D}.RelWithDebInfo|x64.ActiveCfg = RelWithDebInfo|x64
		{666C67A8-5B38-33EB-9448-D04C2430B247}.Debug|x64.ActiveCfg = Debug|x64
		{666C67A8-5B38-33EB-9448-D04C2430B247}.Debug|x64.Build.0 = Debug|x64
		{666C67A8-5B38-33EB-9448-D04C2430B247}.Release|x64.ActiveCfg = Release|x64
		{666C67A8-5B38-33EB-9448-D04C2430B247}.Release|x64.Build.0 = Release|x64
		{666C67A8-5B38-33EB-9448-D04C2430B247}.MinSizeRel|x64.ActiveCfg = MinSizeRel|x64
		{666C67A8-5B38-33EB-9448-D04C2430B247}.MinSizeRel|x64.Build.0 = MinSizeRel|x64
		{666C67A8-5B38-33EB-9448-D04C2430B247}.RelWithDebInfo|x64.ActiveCfg = RelWithDebInfo|x64
		{666C67A8-5B38-33EB-9448-D04C2430B247}.RelWithDebInfo|x64.Build.0 = RelWithDebInfo|x64
		{17A21A84-4D37-3973-B035-16E42916A878}.Debug|x64.ActiveCfg = Debug|x64
		{17A21A84-4D37-3973-B035-16E42916A878}.Debug|x64.Build.0 = Debug|x64
		{17A21A84-4D37-3973-B035-16E42916A878}.Release|x64.ActiveCfg = Release|x64
		{17A21A84-4D37-3973-B035-16E42916A878}.Release|x64.Build.0 = Release|x64
		{17A21A84-4D37-3973-B035-16E42916A878}.MinSizeRel|x64.ActiveCfg = MinSizeRel|x64
		{17A21A84-4D37-3973-B035-16E42916A878}.MinSizeRel|x64.Build.0 = MinSizeRel|x64
		{17A21A84-4D37-3973-B035-16E42916A878}.RelWithDebInfo|x64.ActiveCfg = RelWithDebInfo|x64
		{17A21A84-4D37-3973-B035-16E42916A878}.RelWithDebInfo|x64.Build.0 = RelWithDebInfo|x64
		{B58AE8E2-38C3-3759-ACBC-F29E6E85835A}.Debug|x64.ActiveCfg = Debug|x64
		{B58AE8E2-38C3-3759-ACBC-F29E6E85835A}.Debug|x64.Build.0 = Debug|x64
		{B58AE8E2-38C3-3759-ACBC-F29E6E85835A}.Release|x64.ActiveCfg = Release|x64
		{B58AE8E2-38C3-3759-ACBC-F29E6E85835A}.Release|x64.Build.0 = Release|x64
		{B58AE8E2-38C3-3759-ACBC-F29E6E85835A}.MinSizeRel|x64.ActiveCfg = MinSizeRel|x64
		{B58AE8E2-38C3-3759-ACBC-F29E6E85835A}.MinSizeRel|x64.Build.0 = MinSizeRel|x64
		{B58AE8E2-38C3-3759-ACBC-F29E6E85835A}.RelWithDebInfo|x64.ActiveCfg = RelWithDebInfo|x64
		{B58AE8E2-38C3-3759-ACBC-F29E6E85835A}.RelWithDebInfo|x64.Build.0 = RelWithDebInfo|x64
		{CEB51048-52BA-3540-9D5A-3D82C1A0291E}.Debug|x64.ActiveCfg = Debug|x64
		{CEB51048-52BA-3540-9D5A-3D82C1A0291E}.Debug|x64.Build.0 = Debug|x64
		{CEB51048-52BA-3540-9D5A-3D82C1A0291E}.Release|x64.ActiveCfg = Release|x64
		{CEB51048-52BA-3540-9D5A-3D82C1A0291E}.Release|x64.Build.0 = Release|x64
		{CEB51048-52BA-3540-9D5A-3D82C1A0291E}.MinSizeRel|x64.ActiveCfg = MinSizeRel|x64
		{CEB51048-52BA-3540-9D5A-3D82C1A0291E}.MinSizeRel|x64.Build.0 = MinSizeRel|x64
		{CEB51048-52BA-3540-9D5A-3D82C1A0291E}.RelWithDebInfo|x64.ActiveCfg = RelWithDebInfo|x64
		{CEB51048-52BA-3540-9D5A-3D82C1A0291E}.RelWithDebInfo|x64.Build.0 = RelWithDebInfo|x64
		{35C96AAA-ABA8-3CCE-9AC3-4409A226F1C8}.Debug|x64.ActiveCfg = Debug|x64
		{35C96AAA-ABA8-3CCE-9AC3-4409A226F1C8}.Release|x64.ActiveCfg = Release|x64
		{35C96AAA-ABA8-3CCE-9AC3-4409A226F1C8}.MinSizeRel|x64.ActiveCfg = MinSizeRel|x64
		{35C96AAA-ABA8-3CCE-9AC3-4409A226F1C8}.RelWithDebInfo|x64.ActiveCfg = RelWithDebInfo|x64
		{22463EA8-BFC9-3753-8CFF-7697D1C82759}.Debug|x64.ActiveCfg = Debug|x64
		{22463EA8-BFC9-3753-8CFF-7697D1C82759}.Release|x64.ActiveCfg = Release|x64
		{22463EA8-BFC9-3753-8CFF-7697D1C82759}.MinSizeRel|x64.ActiveCfg = MinSizeRel|x64
		{22463EA8-BFC9-3753-8CFF-7697D1C82759}.RelWithDebInfo|x64.ActiveCfg = RelWithDebInfo|x64
	EndGlobalSection
	GlobalSection(NestedProjects) = preSolution
		{F6D2F6FE-7876-3A71-8B2F-E52060BA8BF6} = {913705C6-5A15-37AF-BA31-5BC2324F89D0}
		{A618A6B2-2525-3E1C-9B1E-F1167F06148A} = {913705C6-5A15-37AF-BA31-5BC2324F89D0}
		{8914995E-B1F1-3D49-9162-36511B1F544D} = {913705C6-5A15-37AF-BA31-5BC2324F89D0}
		{666C67A8-5B38-33EB-9448-D04C2430B247} = {913705C6-5A15-37AF-BA31-5BC2324F89D0}
		{17A21A84-4D37-3973-B035-16E42916A878} = {DB082764-7BFE-3EB9-A494-413CCA141E8D}
		{22463EA8-BFC9-3753-8CFF-7697D1C82759} = {DB082764-7BFE-3EB9-A494-413CCA141E8D}
	EndGlobalSection
	GlobalSection(ExtensibilityGlobals) = postSolution
		SolutionGuid = {95175D4F-2A01-350C-B475-4E3602E28C65}
	EndGlobalSection
	GlobalSection(ExtensibilityAddIns) = postSolution
	EndGlobalSection
EndGlobal
